
Microsoft Visual Studio Solution File, Format Version 12.00
# Visual Studio 2012
Project("{FAE04EC0-301F-11D3-BF4B-00C04F79EFBC}") = "Event Receiver Duplicate Finder", "Event Receiver Duplicate Finder\Event Receiver Duplicate Finder.csproj", "{C7114992-FD3E-454A-9463-44A729B0066A}"
EndProject
Global
	GlobalSection(SolutionConfigurationPlatforms) = preSolution
		Debug|Any CPU = Debug|Any CPU
		Release|Any CPU = Release|Any CPU
	EndGlobalSection
	GlobalSection(ProjectConfigurationPlatforms) = postSolution
		{C7114992-FD3E-454A-9463-44A729B0066A}.Debug|Any CPU.ActiveCfg = Debug|Any CPU
		{C7114992-FD3E-454A-9463-44A729B0066A}.Debug|Any CPU.Build.0 = Debug|Any CPU
		{C7114992-FD3E-454A-9463-44A729B0066A}.Release|Any CPU.ActiveCfg = Release|Any CPU
		{C7114992-FD3E-454A-9463-44A729B0066A}.Release|Any CPU.Build.0 = Release|Any CPU
	EndGlobalSection
	GlobalSection(SolutionProperties) = preSolution
		HideSolutionNode = FALSE
	EndGlobalSection
EndGlobal
